
Microsoft Visual Studio Solution File, Format Version 12.00
# Visual Studio Version 17
VisualStudioVersion = 17.6.33717.318
MinimumVisualStudioVersion = 10.0.40219.1
Project("{FAE04EC0-301F-11D3-BF4B-00C04F79EFBC}") = "LoginForm", "LoginForm\LoginForm.csproj", "{70B229FA-E4DD-4A42-AE24-08E76D6DE84B}"
EndProject
Global
	GlobalSection(SolutionConfigurationPlatforms) = preSolution
		Debug|Any CPU = Debug|Any CPU
		Release|Any CPU = Release|Any CPU
	EndGlobalSection
	GlobalSection(ProjectConfigurationPlatforms) = postSolution
		{70B229FA-E4DD-4A42-AE24-08E76D6DE84B}.Debug|Any CPU.ActiveCfg = Debug|Any CPU
		{70B229FA-E4DD-4A42-AE24-08E76D6DE84B}.Debug|Any CPU.Build.0 = Debug|Any CPU
		{70B229FA-E4DD-4A42-AE24-08E76D6DE84B}.Release|Any CPU.ActiveCfg = Release|Any CPU
		{70B229FA-E4DD-4A42-AE24-08E76D6DE84B}.Release|Any CPU.Build.0 = Release|Any CPU
	EndGlobalSection
	GlobalSection(SolutionProperties) = preSolution
		HideSolutionNode = FALSE
	EndGlobalSection
	GlobalSection(ExtensibilityGlobals) = postSolution
		SolutionGuid = {A5E95119-BF49-48A5-879E-9064961D9364}
	EndGlobalSection
EndGlobal
